{
  "name": "arc-auto-tx",
  "version": "1.0.0",
  "lockfileVersion": 1,
  "requires": true,
  "dependencies": {
    "ajv": {
      "version": "5.5.2",
      "resolved": "http://registry.npm.taobao.org/ajv/download/ajv-5.5.2.tgz",
      "integrity": "sha1-c7Xuyj+rZT49P5Qis0GtQiBdyWU=",
      "requires": {
        "co": "4.6.0",
        "fast-deep-equal": "1.0.0",
        "fast-json-stable-stringify": "2.0.0",
        "json-schema-traverse": "0.3.1"
      }
    },
    "ansi-regex": {
      "version": "2.1.1",
      "resolved": "http://registry.npm.taobao.org/ansi-regex/download/ansi-regex-2.1.1.tgz",
      "integrity": "sha1-w7M6te42DYbg5ijwRorn7yfWVN8="
    },
    "arch": {
      "version": "2.1.0",
      "resolved": "http://registry.npm.taobao.org/arch/download/arch-2.1.0.tgz",
      "integrity": "sha1-NhOqRhSQZLPB8GB5Gb8dR4boKIk="
    },
    "asn1": {
      "version": "0.2.3",
      "resolved": "http://registry.npm.taobao.org/asn1/download/asn1-0.2.3.tgz",
      "integrity": "sha1-2sh4dxPJlmhJ/IGAd36+nB3fO4Y="
    },
    "assert-plus": {
      "version": "1.0.0",
      "resolved": "http://registry.npm.taobao.org/assert-plus/download/assert-plus-1.0.0.tgz",
      "integrity": "sha1-8S4PPF13sLHN2RRpQuTpbB5N1SU="
    },
    "asynckit": {
      "version": "0.4.0",
      "resolved": "http://registry.npm.taobao.org/asynckit/download/asynckit-0.4.0.tgz",
      "integrity": "sha1-x57Zf380y48robyXkLzDZkdLS3k="
    },
    "aws-sign2": {
      "version": "0.7.0",
      "resolved": "http://registry.npm.taobao.org/aws-sign2/download/aws-sign2-0.7.0.tgz",
      "integrity": "sha1-tG6JCTSpWR8tL2+G1+ap8bP+dqg="
    },
    "aws4": {
      "version": "1.6.0",
      "resolved": "http://registry.npm.taobao.org/aws4/download/aws4-1.6.0.tgz",
      "integrity": "sha1-g+9cqGCysy5KDe7e6MdxudtXRx4="
    },
    "bcrypt-pbkdf": {
      "version": "1.0.1",
      "resolved": "http://registry.npm.taobao.org/bcrypt-pbkdf/download/bcrypt-pbkdf-1.0.1.tgz",
      "integrity": "sha1-Y7xdy2EzG5K8Bf1SiVPDNGKgb40=",
      "optional": true,
      "requires": {
        "tweetnacl": "0.14.5"
      }
    },
    "bignumber.js": {
      "version": "2.4.0",
      "resolved": "http://registry.npm.taobao.org/bignumber.js/download/bignumber.js-2.4.0.tgz",
      "integrity": "sha1-g4qZLan51zfg9LLbC+YrsJ3Qxeg="
    },
    "bindings": {
      "version": "1.3.0",
      "resolved": "http://registry.npm.taobao.org/bindings/download/bindings-1.3.0.tgz",
      "integrity": "sha1-s0b27PapX1qBXFg5/HzbIlAvHtc="
    },
    "bip66": {
      "version": "1.1.5",
      "resolved": "http://registry.npm.taobao.org/bip66/download/bip66-1.1.5.tgz",
      "integrity": "sha1-AfqHSHhcpwlV1QESF9GzE5lpyiI=",
      "requires": {
        "safe-buffer": "5.1.1"
      }
    },
    "bmp-js": {
      "version": "0.0.3",
      "resolved": "http://registry.npm.taobao.org/bmp-js/download/bmp-js-0.0.3.tgz",
      "integrity": "sha1-ZBE+nHzxICs3btYHvzBibr5XsYo="
    },
    "bn.js": {
      "version": "4.11.8",
      "resolved": "http://registry.npm.taobao.org/bn.js/download/bn.js-4.11.8.tgz",
      "integrity": "sha1-LN4J617jQfSEdGuwMJsyU7GxRC8="
    },
    "boom": {
      "version": "4.3.1",
      "resolved": "http://registry.npm.taobao.org/boom/download/boom-4.3.1.tgz",
      "integrity": "sha1-T4owBctKfjiJ90kDD9JbluAdLjE=",
      "requires": {
        "hoek": "4.2.0"
      }
    },
    "brorand": {
      "version": "1.1.0",
      "resolved": "http://registry.npm.taobao.org/brorand/download/brorand-1.1.0.tgz",
      "integrity": "sha1-EsJe/kCkXjwyPrhnWgoM5XsiNx8="
    },
    "browserify-aes": {
      "version": "1.1.1",
      "resolved": "http://registry.npm.taobao.org/browserify-aes/download/browserify-aes-1.1.1.tgz",
      "integrity": "sha1-OLerVe24Bv8tzaGn8WIHc6R3xJ8=",
      "requires": {
        "buffer-xor": "1.0.3",
        "cipher-base": "1.0.4",
        "create-hash": "1.1.3",
        "evp_bytestokey": "1.0.3",
        "inherits": "2.0.3",
        "safe-buffer": "5.1.1"
      }
    },
    "buffer-equal": {
      "version": "0.0.1",
      "resolved": "http://registry.npm.taobao.org/buffer-equal/download/buffer-equal-0.0.1.tgz",
      "integrity": "sha1-kbx0sR6kBbyRa8aqkI+q+ltKrEs="
    },
    "buffer-xor": {
      "version": "1.0.3",
      "resolved": "http://registry.npm.taobao.org/buffer-xor/download/buffer-xor-1.0.3.tgz",
      "integrity": "sha1-JuYe0UIvtw3ULm42cp7VHYVf6Nk="
    },
    "caseless": {
      "version": "0.12.0",
      "resolved": "http://registry.npm.taobao.org/caseless/download/caseless-0.12.0.tgz",
      "integrity": "sha1-G2gcIf+EAzyCZUMJBolCDRhxUdw="
    },
    "cipher-base": {
      "version": "1.0.4",
      "resolved": "http://registry.npm.taobao.org/cipher-base/download/cipher-base-1.0.4.tgz",
      "integrity": "sha1-h2Dk7MJy9MNjUy+SbYdKriwTl94=",
      "requires": {
        "inherits": "2.0.3",
        "safe-buffer": "5.1.1"
      }
    },
    "cli-table2": {
      "version": "0.2.0",
      "resolved": "http://registry.npm.taobao.org/cli-table2/download/cli-table2-0.2.0.tgz",
      "integrity": "sha1-LR738hig54biFFQFYtS9F3/jLZc=",
      "requires": {
        "colors": "1.1.2",
        "lodash": "3.10.1",
        "string-width": "1.0.2"
      }
    },
    "clipboard-monitor": {
      "version": "1.0.2",
      "resolved": "http://registry.npm.taobao.org/clipboard-monitor/download/clipboard-monitor-1.0.2.tgz",
      "integrity": "sha1-uW/7iWkvSqkjOs0nj6bo4daMAJA=",
      "requires": {
        "clipboardy": "1.2.2"
      }
    },
    "clipboardy": {
      "version": "1.2.2",
      "resolved": "http://registry.npm.taobao.org/clipboardy/download/clipboardy-1.2.2.tgz",
      "integrity": "sha1-LOMgue2b4VFPeYeLU/+XZUIJA+I=",
      "requires": {
        "arch": "2.1.0",
        "execa": "0.8.0"
      }
    },
    "co": {
      "version": "4.6.0",
      "resolved": "http://registry.npm.taobao.org/co/download/co-4.6.0.tgz",
      "integrity": "sha1-bqa989hTrlTMuOR7+gvz+QMfsYQ="
    },
    "code-point-at": {
      "version": "1.1.0",
      "resolved": "http://registry.npm.taobao.org/code-point-at/download/code-point-at-1.1.0.tgz",
      "integrity": "sha1-DQcLTQQ6W+ozovGkDi7bPZpMz3c="
    },
    "colors": {
      "version": "1.1.2",
      "resolved": "http://registry.npm.taobao.org/colors/download/colors-1.1.2.tgz",
      "integrity": "sha1-FopHAXVran9RoSzgyXv6KMCE7WM=",
      "optional": true
    },
    "combined-stream": {
      "version": "1.0.5",
      "resolved": "http://registry.npm.taobao.org/combined-stream/download/combined-stream-1.0.5.tgz",
      "integrity": "sha1-k4NwpXtKUd6ix3wV1cX9+JUWQAk=",
      "requires": {
        "delayed-stream": "1.0.0"
      }
    },
    "core-util-is": {
      "version": "1.0.2",
      "resolved": "http://registry.npm.taobao.org/core-util-is/download/core-util-is-1.0.2.tgz",
      "integrity": "sha1-tf1UIgqivFq1eqtxQMlAdUUDwac="
    },
    "create-hash": {
      "version": "1.1.3",
      "resolved": "http://registry.npm.taobao.org/create-hash/download/create-hash-1.1.3.tgz",
      "integrity": "sha1-YGBCrIuSYnUPSDyt2rD1gZFy2P0=",
      "requires": {
        "cipher-base": "1.0.4",
        "inherits": "2.0.3",
        "ripemd160": "2.0.1",
        "sha.js": "2.4.10"
      }
    },
    "create-hmac": {
      "version": "1.1.6",
      "resolved": "http://registry.npm.taobao.org/create-hmac/download/create-hmac-1.1.6.tgz",
      "integrity": "sha1-rLniIaThe9sHbpBlfEK5PjcmzwY=",
      "requires": {
        "cipher-base": "1.0.4",
        "create-hash": "1.1.3",
        "inherits": "2.0.3",
        "ripemd160": "2.0.1",
        "safe-buffer": "5.1.1",
        "sha.js": "2.4.10"
      }
    },
    "cross-spawn": {
      "version": "5.1.0",
      "resolved": "http://registry.npm.taobao.org/cross-spawn/download/cross-spawn-5.1.0.tgz",
      "integrity": "sha1-6L0O/uWPz/b4+UUQoKVUu/ojVEk=",
      "requires": {
        "lru-cache": "4.1.1",
        "shebang-command": "1.2.0",
        "which": "1.3.0"
      }
    },
    "cryptiles": {
      "version": "3.1.2",
      "resolved": "http://registry.npm.taobao.org/cryptiles/download/cryptiles-3.1.2.tgz",
      "integrity": "sha1-qJ+7Ig9c4l7FboxKqKT9e1sNKf4=",
      "requires": {
        "boom": "5.2.0"
      },
      "dependencies": {
        "boom": {
          "version": "5.2.0",
          "resolved": "http://registry.npm.taobao.org/boom/download/boom-5.2.0.tgz",
          "integrity": "sha1-XdnabuOl8wIHdDYpDLcX0/SlTgI=",
          "requires": {
            "hoek": "4.2.0"
          }
        }
      }
    },
    "crypto-js": {
      "version": "3.1.8",
      "resolved": "http://registry.npm.taobao.org/crypto-js/download/crypto-js-3.1.8.tgz",
      "integrity": "sha1-cV8HC/YBTyrpkqmLOSkli3E/CNU="
    },
    "dashdash": {
      "version": "1.14.1",
      "resolved": "http://registry.npm.taobao.org/dashdash/download/dashdash-1.14.1.tgz",
      "integrity": "sha1-hTz6D3y+L+1d4gMmuN1YEDX24vA=",
      "requires": {
        "assert-plus": "1.0.0"
      }
    },
    "delayed-stream": {
      "version": "1.0.0",
      "resolved": "http://registry.npm.taobao.org/delayed-stream/download/delayed-stream-1.0.0.tgz",
      "integrity": "sha1-3zrhmayt+31ECqrgsp4icrJOxhk="
    },
    "dom-walk": {
      "version": "0.1.1",
      "resolved": "http://registry.npm.taobao.org/dom-walk/download/dom-walk-0.1.1.tgz",
      "integrity": "sha1-ZyIm3HTI95mtNTB9+TaroRrNYBg="
    },
    "drbg.js": {
      "version": "1.0.1",
      "resolved": "http://registry.npm.taobao.org/drbg.js/download/drbg.js-1.0.1.tgz",
      "integrity": "sha1-Pja2xCs3BDgjzbwzLVjzHiRFSAs=",
      "requires": {
        "browserify-aes": "1.1.1",
        "create-hash": "1.1.3",
        "create-hmac": "1.1.6"
      }
    },
    "ecc-jsbn": {
      "version": "0.1.1",
      "resolved": "http://registry.npm.taobao.org/ecc-jsbn/download/ecc-jsbn-0.1.1.tgz",
      "integrity": "sha1-D8c6ntXw1Tw4GTOYUj735UN3dQU=",
      "optional": true,
      "requires": {
        "jsbn": "0.1.1"
      }
    },
    "elliptic": {
      "version": "6.4.0",
      "resolved": "http://registry.npm.taobao.org/elliptic/download/elliptic-6.4.0.tgz",
      "integrity": "sha1-ysmvh2LIWDYYcAPI3+GT5eLq5d8=",
      "requires": {
        "bn.js": "4.11.8",
        "brorand": "1.1.0",
        "hash.js": "1.1.3",
        "hmac-drbg": "1.0.1",
        "inherits": "2.0.3",
        "minimalistic-assert": "1.0.0",
        "minimalistic-crypto-utils": "1.0.1"
      }
    },
    "es6-promise": {
      "version": "3.3.1",
      "resolved": "http://registry.npm.taobao.org/es6-promise/download/es6-promise-3.3.1.tgz",
      "integrity": "sha1-oIzd6EzNvzTQJ6FFG8kdS80ophM="
    },
    "ethereum-common": {
      "version": "0.0.18",
      "resolved": "http://registry.npm.taobao.org/ethereum-common/download/ethereum-common-0.0.18.tgz",
      "integrity": "sha1-L9w1dvIykDNYl26znaeDIT/5Uj8="
    },
    "ethereumjs-tx": {
      "version": "1.3.3",
      "resolved": "http://registry.npm.taobao.org/ethereumjs-tx/download/ethereumjs-tx-1.3.3.tgz",
      "integrity": "sha1-7OBR0+/b53GtKlGNYWMsoqt17Ls=",
      "requires": {
        "ethereum-common": "0.0.18",
        "ethereumjs-util": "5.1.3"
      }
    },
    "ethereumjs-util": {
      "version": "5.1.3",
      "resolved": "http://registry.npm.taobao.org/ethereumjs-util/download/ethereumjs-util-5.1.3.tgz",
      "integrity": "sha1-DB9u+x2pxbZyCmVpeFn8C+ZnLfA=",
      "requires": {
        "bn.js": "4.11.8",
        "create-hash": "1.1.3",
        "ethjs-util": "0.1.4",
        "keccak": "1.4.0",
        "rlp": "2.0.0",
        "safe-buffer": "5.1.1",
        "secp256k1": "3.5.0"
      }
    },
    "ethjs-util": {
      "version": "0.1.4",
      "resolved": "http://registry.npm.taobao.org/ethjs-util/download/ethjs-util-0.1.4.tgz",
      "integrity": "sha1-HItoeSV0RO9NPz+7rC3tEs2ZfZM=",
      "requires": {
        "is-hex-prefixed": "1.0.0",
        "strip-hex-prefix": "1.0.0"
      }
    },
    "evp_bytestokey": {
      "version": "1.0.3",
      "resolved": "http://registry.npm.taobao.org/evp_bytestokey/download/evp_bytestokey-1.0.3.tgz",
      "integrity": "sha1-f8vbGY3HGVlDLv4ThCaE4FJaywI=",
      "requires": {
        "md5.js": "1.3.4",
        "safe-buffer": "5.1.1"
      }
    },
    "execa": {
      "version": "0.8.0",
      "resolved": "http://registry.npm.taobao.org/execa/download/execa-0.8.0.tgz",
      "integrity": "sha1-2NdrvBtVIX7RkP1t1J08d07PyNo=",
      "requires": {
        "cross-spawn": "5.1.0",
        "get-stream": "3.0.0",
        "is-stream": "1.1.0",
        "npm-run-path": "2.0.2",
        "p-finally": "1.0.0",
        "signal-exit": "3.0.2",
        "strip-eof": "1.0.0"
      }
    },
    "exif-parser": {
      "version": "0.1.12",
      "resolved": "http://registry.npm.taobao.org/exif-parser/download/exif-parser-0.1.12.tgz",
      "integrity": "sha1-WKnS1ywCwfbwKg70qRZicrd2CSI="
    },
    "extend": {
      "version": "3.0.1",
      "resolved": "http://registry.npm.taobao.org/extend/download/extend-3.0.1.tgz",
      "integrity": "sha1-p1Xqe8Gt/MWjHOfnYtuq3F5jZEQ="
    },
    "extsprintf": {
      "version": "1.3.0",
      "resolved": "http://registry.npm.taobao.org/extsprintf/download/extsprintf-1.3.0.tgz",
      "integrity": "sha1-lpGEQOMEGnpBT4xS48V06zw+HgU="
    },
    "fast-deep-equal": {
      "version": "1.0.0",
      "resolved": "http://registry.npm.taobao.org/fast-deep-equal/download/fast-deep-equal-1.0.0.tgz",
      "integrity": "sha1-liVqO8l1WV6zbYLpkp0GDYk0Of8="
    },
    "fast-json-stable-stringify": {
      "version": "2.0.0",
      "resolved": "http://registry.npm.taobao.org/fast-json-stable-stringify/download/fast-json-stable-stringify-2.0.0.tgz",
      "integrity": "sha1-1RQsDK7msRifh9OnYREGT4bIu/I="
    },
    "file-type": {
      "version": "3.9.0",
      "resolved": "http://registry.npm.taobao.org/file-type/download/file-type-3.9.0.tgz",
      "integrity": "sha1-JXoHg4TR24CHvESdEH1SpSZyuek="
    },
    "for-each": {
      "version": "0.3.2",
      "resolved": "http://registry.npm.taobao.org/for-each/download/for-each-0.3.2.tgz",
      "integrity": "sha1-LEBFC5NI6X8oEyJZO6lnBLmr1NQ=",
      "requires": {
        "is-function": "1.0.1"
      }
    },
    "forever-agent": {
      "version": "0.6.1",
      "resolved": "http://registry.npm.taobao.org/forever-agent/download/forever-agent-0.6.1.tgz",
      "integrity": "sha1-+8cfDEGt6zf5bFd60e1C2P2sypE="
    },
    "form-data": {
      "version": "2.3.1",
      "resolved": "http://registry.npm.taobao.org/form-data/download/form-data-2.3.1.tgz",
      "integrity": "sha1-b7lPvXGIUwbXPRXMSX/kzE7NRL8=",
      "requires": {
        "asynckit": "0.4.0",
        "combined-stream": "1.0.5",
        "mime-types": "2.1.17"
      }
    },
    "get-stream": {
      "version": "3.0.0",
      "resolved": "http://registry.npm.taobao.org/get-stream/download/get-stream-3.0.0.tgz",
      "integrity": "sha1-jpQ9E1jcN1VQVOy+LtsFqhdO3hQ="
    },
    "getpass": {
      "version": "0.1.7",
      "resolved": "http://registry.npm.taobao.org/getpass/download/getpass-0.1.7.tgz",
      "integrity": "sha1-Xv+OPmhNVprkyysSgmBOi6YhSfo=",
      "requires": {
        "assert-plus": "1.0.0"
      }
    },
    "global": {
      "version": "4.3.2",
      "resolved": "http://registry.npm.taobao.org/global/download/global-4.3.2.tgz",
      "integrity": "sha1-52mJJopsdMOJCLEwWxD8DjlOnQ8=",
      "requires": {
        "min-document": "2.19.0",
        "process": "0.5.2"
      }
    },
    "growly": {
      "version": "1.3.0",
      "resolved": "http://registry.npm.taobao.org/growly/download/growly-1.3.0.tgz",
      "integrity": "sha1-8QdIy+dq+WS3yWyTxrzCivEgwIE="
    },
    "har-schema": {
      "version": "2.0.0",
      "resolved": "http://registry.npm.taobao.org/har-schema/download/har-schema-2.0.0.tgz",
      "integrity": "sha1-qUwiJOvKwEeCoNkDVSHyRzW37JI="
    },
    "har-validator": {
      "version": "5.0.3",
      "resolved": "http://registry.npm.taobao.org/har-validator/download/har-validator-5.0.3.tgz",
      "integrity": "sha1-ukAsJmGU8VlW7xXg/PJCmT9qff0=",
      "requires": {
        "ajv": "5.5.2",
        "har-schema": "2.0.0"
      }
    },
    "hash-base": {
      "version": "2.0.2",
      "resolved": "http://registry.npm.taobao.org/hash-base/download/hash-base-2.0.2.tgz",
      "integrity": "sha1-ZuodhW206KVHDK32/OI65SRO8uE=",
      "requires": {
        "inherits": "2.0.3"
      }
    },
    "hash.js": {
      "version": "1.1.3",
      "resolved": "http://registry.npm.taobao.org/hash.js/download/hash.js-1.1.3.tgz",
      "integrity": "sha1-NA3tvmKQGHFRweodd3o0SJNd+EY=",
      "requires": {
        "inherits": "2.0.3",
        "minimalistic-assert": "1.0.0"
      }
    },
    "hawk": {
      "version": "6.0.2",
      "resolved": "http://registry.npm.taobao.org/hawk/download/hawk-6.0.2.tgz",
      "integrity": "sha1-r02RTrBl+bXOTZ0RwcshJu7MMDg=",
      "requires": {
        "boom": "4.3.1",
        "cryptiles": "3.1.2",
        "hoek": "4.2.0",
        "sntp": "2.1.0"
      }
    },
    "hmac-drbg": {
      "version": "1.0.1",
      "resolved": "http://registry.npm.taobao.org/hmac-drbg/download/hmac-drbg-1.0.1.tgz",
      "integrity": "sha1-0nRXAQJabHdabFRXk+1QL8DGSaE=",
      "requires": {
        "hash.js": "1.1.3",
        "minimalistic-assert": "1.0.0",
        "minimalistic-crypto-utils": "1.0.1"
      }
    },
    "hoek": {
      "version": "4.2.0",
      "resolved": "http://registry.npm.taobao.org/hoek/download/hoek-4.2.0.tgz",
      "integrity": "sha1-ctnQdU9/4lyi0BrY+PmpRJqJUm0="
    },
    "http-signature": {
      "version": "1.2.0",
      "resolved": "http://registry.npm.taobao.org/http-signature/download/http-signature-1.2.0.tgz",
      "integrity": "sha1-muzZJRFHcvPZW2WmCruPfBj7rOE=",
      "requires": {
        "assert-plus": "1.0.0",
        "jsprim": "1.4.1",
        "sshpk": "1.13.1"
      }
    },
    "human-standard-token-abi": {
      "version": "1.0.2",
      "resolved": "http://registry.npm.taobao.org/human-standard-token-abi/download/human-standard-token-abi-1.0.2.tgz",
      "integrity": "sha1-IH14Rnlu5buF/dM252nLOARbKuA="
    },
    "inherits": {
      "version": "2.0.3",
      "resolved": "http://registry.npm.taobao.org/inherits/download/inherits-2.0.3.tgz",
      "integrity": "sha1-Yzwsg+PaQqUC9SRmAiSA9CCCYd4="
    },
    "ip-regex": {
      "version": "1.0.3",
      "resolved": "http://registry.npm.taobao.org/ip-regex/download/ip-regex-1.0.3.tgz",
      "integrity": "sha1-3FiQdvZZ9BnCIgOaMzFvHHOH7/0="
    },
    "is-fullwidth-code-point": {
      "version": "1.0.0",
      "resolved": "http://registry.npm.taobao.org/is-fullwidth-code-point/download/is-fullwidth-code-point-1.0.0.tgz",
      "integrity": "sha1-754xOG8DGn8NZDr4L95QxFfvAMs=",
      "requires": {
        "number-is-nan": "1.0.1"
      }
    },
    "is-function": {
      "version": "1.0.1",
      "resolved": "http://registry.npm.taobao.org/is-function/download/is-function-1.0.1.tgz",
      "integrity": "sha1-Es+5i2W1fdPRk6MSH19uL0N2ArU="
    },
    "is-hex-prefixed": {
      "version": "1.0.0",
      "resolved": "http://registry.npm.taobao.org/is-hex-prefixed/download/is-hex-prefixed-1.0.0.tgz",
      "integrity": "sha1-fY035q135dEnFIkTxXPggtd39VQ="
    },
    "is-stream": {
      "version": "1.1.0",
      "resolved": "http://registry.npm.taobao.org/is-stream/download/is-stream-1.1.0.tgz",
      "integrity": "sha1-EtSj3U5o4Lec6428hBc66A2RykQ="
    },
    "is-typedarray": {
      "version": "1.0.0",
      "resolved": "http://registry.npm.taobao.org/is-typedarray/download/is-typedarray-1.0.0.tgz",
      "integrity": "sha1-5HnICFjfDBsR3dppQPlgEfzaSpo="
    },
    "is-wsl": {
      "version": "1.1.0",
      "resolved": "http://registry.npm.taobao.org/is-wsl/download/is-wsl-1.1.0.tgz",
      "integrity": "sha1-HxbkqiKwTRM2tmGIpmrzxgDDpm0="
    },
    "isexe": {
      "version": "2.0.0",
      "resolved": "http://registry.npm.taobao.org/isexe/download/isexe-2.0.0.tgz",
      "integrity": "sha1-6PvzdNxVb/iUehDcsFctYz8s+hA="
    },
    "isstream": {
      "version": "0.1.2",
      "resolved": "http://registry.npm.taobao.org/isstream/download/isstream-0.1.2.tgz",
      "integrity": "sha1-R+Y/evVa+m+S4VAOaQ64uFKcCZo="
    },
    "jimp": {
      "version": "0.2.28",
      "resolved": "http://registry.npm.taobao.org/jimp/download/jimp-0.2.28.tgz",
      "integrity": "sha1-3VKak3GQ9ClXp5N9Gsw6d2KZbqI=",
      "requires": {
        "bignumber.js": "2.4.0",
        "bmp-js": "0.0.3",
        "es6-promise": "3.3.1",
        "exif-parser": "0.1.12",
        "file-type": "3.9.0",
        "jpeg-js": "0.2.0",
        "load-bmfont": "1.3.0",
        "mime": "1.6.0",
        "mkdirp": "0.5.1",
        "pixelmatch": "4.0.2",
        "pngjs": "3.3.1",
        "read-chunk": "1.0.1",
        "request": "2.83.0",
        "stream-to-buffer": "0.1.0",
        "tinycolor2": "1.4.1",
        "url-regex": "3.2.0"
      }
    },
    "jpeg-js": {
      "version": "0.2.0",
      "resolved": "http://registry.npm.taobao.org/jpeg-js/download/jpeg-js-0.2.0.tgz",
      "integrity": "sha1-U+RI7J0mPmgyZkZ+lELSxaLvVII="
    },
    "jsbn": {
      "version": "0.1.1",
      "resolved": "http://registry.npm.taobao.org/jsbn/download/jsbn-0.1.1.tgz",
      "integrity": "sha1-peZUwuWi3rXyAdls77yoDA7y9RM=",
      "optional": true
    },
    "json-schema": {
      "version": "0.2.3",
      "resolved": "http://registry.npm.taobao.org/json-schema/download/json-schema-0.2.3.tgz",
      "integrity": "sha1-tIDIkuWaLwWVTOcnvT8qTogvnhM="
    },
    "json-schema-traverse": {
      "version": "0.3.1",
      "resolved": "http://registry.npm.taobao.org/json-schema-traverse/download/json-schema-traverse-0.3.1.tgz",
      "integrity": "sha1-NJptRMU6Ud6JtAgFxdXlm0F9M0A="
    },
    "json-stringify-safe": {
      "version": "5.0.1",
      "resolved": "http://registry.npm.taobao.org/json-stringify-safe/download/json-stringify-safe-5.0.1.tgz",
      "integrity": "sha1-Epai1Y/UXxmg9s4B1lcB4sc1tus="
    },
    "jsprim": {
      "version": "1.4.1",
      "resolved": "http://registry.npm.taobao.org/jsprim/download/jsprim-1.4.1.tgz",
      "integrity": "sha1-MT5mvB5cwG5Di8G3SZwuXFastqI=",
      "requires": {
        "assert-plus": "1.0.0",
        "extsprintf": "1.3.0",
        "json-schema": "0.2.3",
        "verror": "1.10.0"
      }
    },
    "keccak": {
      "version": "1.4.0",
      "resolved": "http://registry.npm.taobao.org/keccak/download/keccak-1.4.0.tgz",
      "integrity": "sha1-Vy+Kbb7o57OqQhVQ+eZAjKIYb4A=",
      "requires": {
        "bindings": "1.3.0",
        "inherits": "2.0.3",
        "nan": "2.8.0",
        "safe-buffer": "5.1.1"
      }
    },
    "load-bmfont": {
      "version": "1.3.0",
      "resolved": "http://registry.npm.taobao.org/load-bmfont/download/load-bmfont-1.3.0.tgz",
      "integrity": "sha1-u358cQ3mvK/LE8s7jIHgwBMey8k=",
      "requires": {
        "buffer-equal": "0.0.1",
        "mime": "1.6.0",
        "parse-bmfont-ascii": "1.0.6",
        "parse-bmfont-binary": "1.0.6",
        "parse-bmfont-xml": "1.1.3",
        "xhr": "2.4.1",
        "xtend": "4.0.1"
      }
    },
    "lodash": {
      "version": "3.10.1",
      "resolved": "http://registry.npm.taobao.org/lodash/download/lodash-3.10.1.tgz",
      "integrity": "sha1-W/Rejkm6QYnhfUgnid/RW9FAt7Y="
    },
    "lru-cache": {
      "version": "4.1.1",
      "resolved": "http://registry.npm.taobao.org/lru-cache/download/lru-cache-4.1.1.tgz",
      "integrity": "sha1-Yi4y6CSItJJ5EUpPns9F581rulU=",
      "requires": {
        "pseudomap": "1.0.2",
        "yallist": "2.1.2"
      }
    },
    "md5.js": {
      "version": "1.3.4",
      "resolved": "http://registry.npm.taobao.org/md5.js/download/md5.js-1.3.4.tgz",
      "integrity": "sha1-6b296UogpawYsENA/Fdk1bCdkB0=",
      "requires": {
        "hash-base": "3.0.4",
        "inherits": "2.0.3"
      },
      "dependencies": {
        "hash-base": {
          "version": "3.0.4",
          "resolved": "http://registry.npm.taobao.org/hash-base/download/hash-base-3.0.4.tgz",
          "integrity": "sha1-X8hoaEfs1zSZQDMZprCj8/auSRg=",
          "requires": {
            "inherits": "2.0.3",
            "safe-buffer": "5.1.1"
          }
        }
      }
    },
    "mime": {
      "version": "1.6.0",
      "resolved": "http://registry.npm.taobao.org/mime/download/mime-1.6.0.tgz",
      "integrity": "sha1-Ms2eXGRVO9WNGaVor0Uqz/BJgbE="
    },
    "mime-db": {
      "version": "1.30.0",
      "resolved": "http://registry.npm.taobao.org/mime-db/download/mime-db-1.30.0.tgz",
      "integrity": "sha1-dMZD2i3Z1qRTmZY0ZbJtXKfXHwE="
    },
    "mime-types": {
      "version": "2.1.17",
      "resolved": "http://registry.npm.taobao.org/mime-types/download/mime-types-2.1.17.tgz",
      "integrity": "sha1-Cdejk/A+mVp5+K+Fe3Cp4KsWVXo=",
      "requires": {
        "mime-db": "1.30.0"
      }
    },
    "min-document": {
      "version": "2.19.0",
      "resolved": "http://registry.npm.taobao.org/min-document/download/min-document-2.19.0.tgz",
      "integrity": "sha1-e9KC4/WELtKVu3SM3Z8f+iyCRoU=",
      "requires": {
        "dom-walk": "0.1.1"
      }
    },
    "minimalistic-assert": {
      "version": "1.0.0",
      "resolved": "http://registry.npm.taobao.org/minimalistic-assert/download/minimalistic-assert-1.0.0.tgz",
      "integrity": "sha1-cCvi3aazf0g2vLP121ZkG2Sh09M="
    },
    "minimalistic-crypto-utils": {
      "version": "1.0.1",
      "resolved": "http://registry.npm.taobao.org/minimalistic-crypto-utils/download/minimalistic-crypto-utils-1.0.1.tgz",
      "integrity": "sha1-9sAMHAsIIkblxNmd+4x8CDsrWCo="
    },
    "minimist": {
      "version": "0.0.8",
      "resolved": "http://registry.npm.taobao.org/minimist/download/minimist-0.0.8.tgz",
      "integrity": "sha1-hX/Kv8M5fSYluCKCYuhqp6ARsF0="
    },
    "mkdirp": {
      "version": "0.5.1",
      "resolved": "http://registry.npm.taobao.org/mkdirp/download/mkdirp-0.5.1.tgz",
      "integrity": "sha1-MAV0OOrGz3+MR2fzhkjWaX11yQM=",
      "requires": {
        "minimist": "0.0.8"
      }
    },
    "nan": {
      "version": "2.8.0",
      "resolved": "http://registry.npm.taobao.org/nan/download/nan-2.8.0.tgz",
      "integrity": "sha1-7XFfP+neArV6XmJS2QqWZ14fCFo="
    },
    "node-notifier": {
      "version": "5.2.1",
      "resolved": "http://registry.npm.taobao.org/node-notifier/download/node-notifier-5.2.1.tgz",
      "integrity": "sha1-+jE90I9VF9sOJQLldY1mSsafneo=",
      "requires": {
        "growly": "1.3.0",
        "semver": "5.5.0",
        "shellwords": "0.1.1",
        "which": "1.3.0"
      }
    },
    "npm-run-path": {
      "version": "2.0.2",
      "resolved": "http://registry.npm.taobao.org/npm-run-path/download/npm-run-path-2.0.2.tgz",
      "integrity": "sha1-NakjLfo11wZ7TLLd8jV7GHFTbF8=",
      "requires": {
        "path-key": "2.0.1"
      }
    },
    "number-is-nan": {
      "version": "1.0.1",
      "resolved": "http://registry.npm.taobao.org/number-is-nan/download/number-is-nan-1.0.1.tgz",
      "integrity": "sha1-CXtgK1NCKlIsGvuHkDGDNpQaAR0="
    },
    "oauth-sign": {
      "version": "0.8.2",
      "resolved": "http://registry.npm.taobao.org/oauth-sign/download/oauth-sign-0.8.2.tgz",
      "integrity": "sha1-Rqarfwrq2N6unsBWV4C31O/rnUM="
    },
    "opn": {
      "version": "5.2.0",
      "resolved": "http://registry.npm.taobao.org/opn/download/opn-5.2.0.tgz",
      "integrity": "sha1-cf35NNaCfWds7L6hUx+V01RkEiU=",
      "requires": {
        "is-wsl": "1.1.0"
      }
    },
    "os-tmpdir": {
      "version": "1.0.2",
      "resolved": "http://registry.npm.taobao.org/os-tmpdir/download/os-tmpdir-1.0.2.tgz",
      "integrity": "sha1-u+Z0BseaqFxc/sdm/lc0VV36EnQ="
    },
    "p-finally": {
      "version": "1.0.0",
      "resolved": "http://registry.npm.taobao.org/p-finally/download/p-finally-1.0.0.tgz",
      "integrity": "sha1-P7z7FbiZpEEjs0ttzBi3JDNqLK4="
    },
    "parse-bmfont-ascii": {
      "version": "1.0.6",
      "resolved": "http://registry.npm.taobao.org/parse-bmfont-ascii/download/parse-bmfont-ascii-1.0.6.tgz",
      "integrity": "sha1-Eaw8P/WPfCAgqyJ2kHkQjU36AoU="
    },
    "parse-bmfont-binary": {
      "version": "1.0.6",
      "resolved": "http://registry.npm.taobao.org/parse-bmfont-binary/download/parse-bmfont-binary-1.0.6.tgz",
      "integrity": "sha1-0Di0dtPp3Z2x4RoLDlOiJ5K2kAY="
    },
    "parse-bmfont-xml": {
      "version": "1.1.3",
      "resolved": "http://registry.npm.taobao.org/parse-bmfont-xml/download/parse-bmfont-xml-1.1.3.tgz",
      "integrity": "sha1-1rZqNxr9OcUAfZ8O6yYqTyzOe3w=",
      "requires": {
        "xml-parse-from-string": "1.0.1",
        "xml2js": "0.4.19"
      }
    },
    "parse-headers": {
      "version": "2.0.1",
      "resolved": "http://registry.npm.taobao.org/parse-headers/download/parse-headers-2.0.1.tgz",
      "integrity": "sha1-aug6eqJanZtwCswoaYzR8e1+lTY=",
      "requires": {
        "for-each": "0.3.2",
        "trim": "0.0.1"
      }
    },
    "path-key": {
      "version": "2.0.1",
      "resolved": "http://registry.npm.taobao.org/path-key/download/path-key-2.0.1.tgz",
      "integrity": "sha1-QRyttXTFoUDTpLGRDUDYDMn0C0A="
    },
    "performance-now": {
      "version": "2.1.0",
      "resolved": "http://registry.npm.taobao.org/performance-now/download/performance-now-2.1.0.tgz",
      "integrity": "sha1-Ywn04OX6kT7BxpMHrjZLSzd8nns="
    },
    "pinkie": {
      "version": "2.0.4",
      "resolved": "http://registry.npm.taobao.org/pinkie/download/pinkie-2.0.4.tgz",
      "integrity": "sha1-clVrgM+g1IqXToDnckjoDtT3+HA="
    },
    "pinkie-promise": {
      "version": "2.0.1",
      "resolved": "http://registry.npm.taobao.org/pinkie-promise/download/pinkie-promise-2.0.1.tgz",
      "integrity": "sha1-ITXW36ejWMBprJsXh3YogihFD/o=",
      "requires": {
        "pinkie": "2.0.4"
      }
    },
    "pixelmatch": {
      "version": "4.0.2",
      "resolved": "http://registry.npm.taobao.org/pixelmatch/download/pixelmatch-4.0.2.tgz",
      "integrity": "sha1-j0fc7FARtHe2fbA8JDvB8wheiFQ=",
      "requires": {
        "pngjs": "3.3.1"
      }
    },
    "pngjs": {
      "version": "3.3.1",
      "resolved": "http://registry.npm.taobao.org/pngjs/download/pngjs-3.3.1.tgz",
      "integrity": "sha1-jhTmZ57nQktUQzTDstIc6m2MIJo="
    },
    "process": {
      "version": "0.5.2",
      "resolved": "http://registry.npm.taobao.org/process/download/process-0.5.2.tgz",
      "integrity": "sha1-FjjYqONML0QKkduVq5rrZ3/Bhc8="
    },
    "pseudomap": {
      "version": "1.0.2",
      "resolved": "http://registry.npm.taobao.org/pseudomap/download/pseudomap-1.0.2.tgz",
      "integrity": "sha1-8FKijacOYYkX7wqKw0wa5aaChrM="
    },
    "punycode": {
      "version": "1.4.1",
      "resolved": "http://registry.npm.taobao.org/punycode/download/punycode-1.4.1.tgz",
      "integrity": "sha1-wNWmOycYgArY4esPpSachN1BhF4="
    },
    "qrcode-reader": {
      "version": "1.0.4",
      "resolved": "http://registry.npm.taobao.org/qrcode-reader/download/qrcode-reader-1.0.4.tgz",
      "integrity": "sha1-ldm7noEwgANhqWy1pDEkrR2eBrg="
    },
    "qs": {
      "version": "6.5.1",
      "resolved": "http://registry.npm.taobao.org/qs/download/qs-6.5.1.tgz",
      "integrity": "sha1-NJzfbu+J7EXBLX1es/wMhwNDptg="
    },
    "read-chunk": {
      "version": "1.0.1",
      "resolved": "http://registry.npm.taobao.org/read-chunk/download/read-chunk-1.0.1.tgz",
      "integrity": "sha1-X2jKswfmY/GZk1J9m1icrORmEZQ="
    },
    "request": {
      "version": "2.83.0",
      "resolved": "http://registry.npm.taobao.org/request/download/request-2.83.0.tgz",
      "integrity": "sha1-ygtl2gLtYpNYh4COb1EDgQNOM1Y=",
      "requires": {
        "aws-sign2": "0.7.0",
        "aws4": "1.6.0",
        "caseless": "0.12.0",
        "combined-stream": "1.0.5",
        "extend": "3.0.1",
        "forever-agent": "0.6.1",
        "form-data": "2.3.1",
        "har-validator": "5.0.3",
        "hawk": "6.0.2",
        "http-signature": "1.2.0",
        "is-typedarray": "1.0.0",
        "isstream": "0.1.2",
        "json-stringify-safe": "5.0.1",
        "mime-types": "2.1.17",
        "oauth-sign": "0.8.2",
        "performance-now": "2.1.0",
        "qs": "6.5.1",
        "safe-buffer": "5.1.1",
        "stringstream": "0.0.5",
        "tough-cookie": "2.3.3",
        "tunnel-agent": "0.6.0",
        "uuid": "3.2.1"
      }
    },
    "rimraf": {
      "version": "2.2.8",
      "resolved": "http://registry.npm.taobao.org/rimraf/download/rimraf-2.2.8.tgz",
      "integrity": "sha1-5Dm+Kq7jJzIZUnMPmaiSnk/FBYI="
    },
    "ripemd160": {
      "version": "2.0.1",
      "resolved": "http://registry.npm.taobao.org/ripemd160/download/ripemd160-2.0.1.tgz",
      "integrity": "sha1-D0WEKVxTo2KK9+bXmsohzlfRxuc=",
      "requires": {
        "hash-base": "2.0.2",
        "inherits": "2.0.3"
      }
    },
    "rlp": {
      "version": "2.0.0",
      "resolved": "http://registry.npm.taobao.org/rlp/download/rlp-2.0.0.tgz",
      "integrity": "sha1-nbOE/0uJqPYVY9kjldhiWxjzr7A="
    },
    "safe-buffer": {
      "version": "5.1.1",
      "resolved": "http://registry.npm.taobao.org/safe-buffer/download/safe-buffer-5.1.1.tgz",
      "integrity": "sha1-iTMSr2myEj3vcfV4iQAWce6yyFM="
    },
    "sax": {
      "version": "1.2.4",
      "resolved": "http://registry.npm.taobao.org/sax/download/sax-1.2.4.tgz",
      "integrity": "sha1-KBYjTiN4vdxOU1T6tcqold9xANk="
    },
    "screenshot-desktop": {
      "version": "1.3.0",
      "resolved": "http://registry.npm.taobao.org/screenshot-desktop/download/screenshot-desktop-1.3.0.tgz",
      "integrity": "sha1-37I5BPZfwpe8C1qP3r5Uw1Ze4LY=",
      "requires": {
        "pinkie-promise": "2.0.1",
        "temp": "0.8.3"
      }
    },
    "secp256k1": {
      "version": "3.5.0",
      "resolved": "http://registry.npm.taobao.org/secp256k1/download/secp256k1-3.5.0.tgz",
      "integrity": "sha1-Z307io4E4aX6OBoa5DfFQge3ONA=",
      "requires": {
        "bindings": "1.3.0",
        "bip66": "1.1.5",
        "bn.js": "4.11.8",
        "create-hash": "1.1.3",
        "drbg.js": "1.0.1",
        "elliptic": "6.4.0",
        "nan": "2.8.0",
        "safe-buffer": "5.1.1"
      }
    },
    "semver": {
      "version": "5.5.0",
      "resolved": "http://registry.npm.taobao.org/semver/download/semver-5.5.0.tgz",
      "integrity": "sha1-3Eu8emyp2Rbe5dQ1FvAJK1j3uKs="
    },
    "sha.js": {
      "version": "2.4.10",
      "resolved": "http://registry.npm.taobao.org/sha.js/download/sha.js-2.4.10.tgz",
      "integrity": "sha1-sf3lzX0RpWJmOKB8YEq5Cc+jH5s=",
      "requires": {
        "inherits": "2.0.3",
        "safe-buffer": "5.1.1"
      }
    },
    "shebang-command": {
      "version": "1.2.0",
      "resolved": "http://registry.npm.taobao.org/shebang-command/download/shebang-command-1.2.0.tgz",
      "integrity": "sha1-RKrGW2lbAzmJaMOfNj/uXer98eo=",
      "requires": {
        "shebang-regex": "1.0.0"
      }
    },
    "shebang-regex": {
      "version": "1.0.0",
      "resolved": "http://registry.npm.taobao.org/shebang-regex/download/shebang-regex-1.0.0.tgz",
      "integrity": "sha1-2kL0l0DAtC2yypcoVxyxkMmO/qM="
    },
    "shellwords": {
      "version": "0.1.1",
      "resolved": "http://registry.npm.taobao.org/shellwords/download/shellwords-0.1.1.tgz",
      "integrity": "sha1-1rkYHBpI05cyTISHHvvPxz/AZUs="
    },
    "signal-exit": {
      "version": "3.0.2",
      "resolved": "http://registry.npm.taobao.org/signal-exit/download/signal-exit-3.0.2.tgz",
      "integrity": "sha1-tf3AjxKH6hF4Yo5BXiUTK3NkbG0="
    },
    "sntp": {
      "version": "2.1.0",
      "resolved": "http://registry.npm.taobao.org/sntp/download/sntp-2.1.0.tgz",
      "integrity": "sha1-LGzsFP7cIiJznK+bXD2F0cxaLMg=",
      "requires": {
        "hoek": "4.2.0"
      }
    },
    "sshpk": {
      "version": "1.13.1",
      "resolved": "http://registry.npm.taobao.org/sshpk/download/sshpk-1.13.1.tgz",
      "integrity": "sha1-US322mKHFEMW3EwY/hzx2UBzm+M=",
      "requires": {
        "asn1": "0.2.3",
        "assert-plus": "1.0.0",
        "bcrypt-pbkdf": "1.0.1",
        "dashdash": "1.14.1",
        "ecc-jsbn": "0.1.1",
        "getpass": "0.1.7",
        "jsbn": "0.1.1",
        "tweetnacl": "0.14.5"
      }
    },
    "stream-to": {
      "version": "0.2.2",
      "resolved": "http://registry.npm.taobao.org/stream-to/download/stream-to-0.2.2.tgz",
      "integrity": "sha1-hDBgmNhf25kLn6MAsbPM9V6O8B0="
    },
    "stream-to-buffer": {
      "version": "0.1.0",
      "resolved": "http://registry.npm.taobao.org/stream-to-buffer/download/stream-to-buffer-0.1.0.tgz",
      "integrity": "sha1-JnmdkDqyAlyb1VCsRxcbAPjdgKk=",
      "requires": {
        "stream-to": "0.2.2"
      }
    },
    "string-width": {
      "version": "1.0.2",
      "resolved": "http://registry.npm.taobao.org/string-width/download/string-width-1.0.2.tgz",
      "integrity": "sha1-EYvfW4zcUaKn5w0hHgfisLmxB9M=",
      "requires": {
        "code-point-at": "1.1.0",
        "is-fullwidth-code-point": "1.0.0",
        "strip-ansi": "3.0.1"
      }
    },
    "stringstream": {
      "version": "0.0.5",
      "resolved": "http://registry.npm.taobao.org/stringstream/download/stringstream-0.0.5.tgz",
      "integrity": "sha1-TkhM1N5aC7vuGORjB3EKioFiGHg="
    },
    "strip-ansi": {
      "version": "3.0.1",
      "resolved": "http://registry.npm.taobao.org/strip-ansi/download/strip-ansi-3.0.1.tgz",
      "integrity": "sha1-ajhfuIU9lS1f8F0Oiq+UJ43GPc8=",
      "requires": {
        "ansi-regex": "2.1.1"
      }
    },
    "strip-eof": {
      "version": "1.0.0",
      "resolved": "http://registry.npm.taobao.org/strip-eof/download/strip-eof-1.0.0.tgz",
      "integrity": "sha1-u0P/VZim6wXYm1n80SnJgzE2Br8="
    },
    "strip-hex-prefix": {
      "version": "1.0.0",
      "resolved": "http://registry.npm.taobao.org/strip-hex-prefix/download/strip-hex-prefix-1.0.0.tgz",
      "integrity": "sha1-DF8VX+8RUTczd96du1iNoFUA428=",
      "requires": {
        "is-hex-prefixed": "1.0.0"
      }
    },
    "temp": {
      "version": "0.8.3",
      "resolved": "http://registry.npm.taobao.org/temp/download/temp-0.8.3.tgz",
      "integrity": "sha1-4Ma8TSa5AxJEEOT+2BEDAU38H1k=",
      "requires": {
        "os-tmpdir": "1.0.2",
        "rimraf": "2.2.8"
      }
    },
    "tinycolor2": {
      "version": "1.4.1",
      "resolved": "http://registry.npm.taobao.org/tinycolor2/download/tinycolor2-1.4.1.tgz",
      "integrity": "sha1-9PrTM0R7wLB9TcjpIJ2POaisd+g="
    },
    "tough-cookie": {
      "version": "2.3.3",
      "resolved": "http://registry.npm.taobao.org/tough-cookie/download/tough-cookie-2.3.3.tgz",
      "integrity": "sha1-C2GKVWW23qkL80JdBNVe3EdadWE=",
      "requires": {
        "punycode": "1.4.1"
      }
    },
    "trim": {
      "version": "0.0.1",
      "resolved": "http://registry.npm.taobao.org/trim/download/trim-0.0.1.tgz",
      "integrity": "sha1-WFhUf2spB1fulczMZm+1AITEYN0="
    },
    "tunnel-agent": {
      "version": "0.6.0",
      "resolved": "http://registry.npm.taobao.org/tunnel-agent/download/tunnel-agent-0.6.0.tgz",
      "integrity": "sha1-J6XeoGs2sEoKmWZ3SykIaPD8QP0=",
      "requires": {
        "safe-buffer": "5.1.1"
      }
    },
    "tweetnacl": {
      "version": "0.14.5",
      "resolved": "http://registry.npm.taobao.org/tweetnacl/download/tweetnacl-0.14.5.tgz",
      "integrity": "sha1-WuaBd/GS1EViadEIr6k/+HQ/T2Q=",
      "optional": true
    },
    "url-regex": {
      "version": "3.2.0",
      "resolved": "http://registry.npm.taobao.org/url-regex/download/url-regex-3.2.0.tgz",
      "integrity": "sha1-260eDJ4p4QXdCx8J9oYvf9tIJyQ=",
      "requires": {
        "ip-regex": "1.0.3"
      }
    },
    "utf8": {
      "version": "2.1.2",
      "resolved": "http://registry.npm.taobao.org/utf8/download/utf8-2.1.2.tgz",
      "integrity": "sha1-H6DZJw6b6FDZsFAn9jUZv0ZFfZY="
    },
    "uuid": {
      "version": "3.2.1",
      "resolved": "http://registry.npm.taobao.org/uuid/download/uuid-3.2.1.tgz",
      "integrity": "sha1-EsUou51Y0LkmXZovbw/ovhf/HxQ="
    },
    "verror": {
      "version": "1.10.0",
      "resolved": "http://registry.npm.taobao.org/verror/download/verror-1.10.0.tgz",
      "integrity": "sha1-OhBcoXBTr1XW4nDB+CiGguGNpAA=",
      "requires": {
        "assert-plus": "1.0.0",
        "core-util-is": "1.0.2",
        "extsprintf": "1.3.0"
      }
    },
    "web3": {
      "version": "0.20.4",
      "resolved": "http://registry.npm.taobao.org/web3/download/web3-0.20.4.tgz",
      "integrity": "sha1-QA5leaZbtKPd5xpuv2UJr63DOgQ=",
      "requires": {
        "bignumber.js": "git+https://github.com/frozeman/bignumber.js-nolookahead.git#57692b3ecfc98bbdd6b3a516cb2353652ea49934",
        "crypto-js": "3.1.8",
        "utf8": "2.1.2",
        "xhr2": "0.1.4",
        "xmlhttprequest": "1.8.0"
      },
      "dependencies": {
        "bignumber.js": {
          "version": "git+https://github.com/frozeman/bignumber.js-nolookahead.git#57692b3ecfc98bbdd6b3a516cb2353652ea49934"
        }
      }
    },
    "which": {
      "version": "1.3.0",
      "resolved": "http://registry.npm.taobao.org/which/download/which-1.3.0.tgz",
      "integrity": "sha1-/wS9/AEO5UfXgL7DjhrBwnd9JTo=",
      "requires": {
        "isexe": "2.0.0"
      }
    },
    "xhr": {
      "version": "2.4.1",
      "resolved": "http://registry.npm.taobao.org/xhr/download/xhr-2.4.1.tgz",
      "integrity": "sha1-upgsztIFrl7sOHFprJ3HfKSFPTg=",
      "requires": {
        "global": "4.3.2",
        "is-function": "1.0.1",
        "parse-headers": "2.0.1",
        "xtend": "4.0.1"
      }
    },
    "xhr2": {
      "version": "0.1.4",
      "resolved": "http://registry.npm.taobao.org/xhr2/download/xhr2-0.1.4.tgz",
      "integrity": "sha1-f4dliEdxbbUCYyOBL4GMras4el8="
    },
    "xml-parse-from-string": {
      "version": "1.0.1",
      "resolved": "http://registry.npm.taobao.org/xml-parse-from-string/download/xml-parse-from-string-1.0.1.tgz",
      "integrity": "sha1-qQKekp09vN7RafPG4oI42VpdWig="
    },
    "xml2js": {
      "version": "0.4.19",
      "resolved": "http://registry.npm.taobao.org/xml2js/download/xml2js-0.4.19.tgz",
      "integrity": "sha1-aGwg8hMgnpSr8NG88e+qKRx4J6c=",
      "requires": {
        "sax": "1.2.4",
        "xmlbuilder": "9.0.4"
      }
    },
    "xmlbuilder": {
      "version": "9.0.4",
      "resolved": "http://registry.npm.taobao.org/xmlbuilder/download/xmlbuilder-9.0.4.tgz",
      "integrity": "sha1-UZy0ymhtAFqEINNJbz8MruzKWA8="
    },
    "xmlhttprequest": {
      "version": "1.8.0",
      "resolved": "http://registry.npm.taobao.org/xmlhttprequest/download/xmlhttprequest-1.8.0.tgz",
      "integrity": "sha1-Z/4HXFwk/vOfnWX197f+dRcZaPw="
    },
    "xtend": {
      "version": "4.0.1",
      "resolved": "http://registry.npm.taobao.org/xtend/download/xtend-4.0.1.tgz",
      "integrity": "sha1-pcbVMr5lbiPbgg77lDofBJmNY68="
    },
    "yallist": {
      "version": "2.1.2",
      "resolved": "http://registry.npm.taobao.org/yallist/download/yallist-2.1.2.tgz",
      "integrity": "sha1-HBH5IY8HYImkfdUS+TxmmaaoHVI="
    }
  }
}
